
Microsoft Visual Studio Solution File, Format Version 12.00
# Visual Studio 15
VisualStudioVersion = 15.0.26228.4
MinimumVisualStudioVersion = 10.0.40219.1
Project("{2150E333-8FDC-42A3-9474-1A3956D46DE8}") = "2017-09-18", "2017-09-18", "{B544A038-DD23-4B96-A69A-429B16DE19C0}"
EndProject
Project("{FAE04EC0-301F-11D3-BF4B-00C04F79EFBC}") = "VarukorgLib", "VarukorgLib\VarukorgLib.csproj", "{9F6B663D-973E-454E-AEF7-D3F87C1B312E}"
EndProject
Project("{FAE04EC0-301F-11D3-BF4B-00C04F79EFBC}") = "VarukorgTestLib", "VarukorgTestLib\VarukorgTestLib.csproj", "{0F233EE8-6F19-485B-9C24-EAEC013D2861}"
EndProject
Project("{FAE04EC0-301F-11D3-BF4B-00C04F79EFBC}") = "CirkusLib", "CirkusLib\CirkusLib.csproj", "{03D32839-24C1-4FC4-9F61-356F3C2E6F23}"
EndProject
Project("{FAE04EC0-301F-11D3-BF4B-00C04F79EFBC}") = "CirkusLibTests", "UnitTestProject2\CirkusLibTests.csproj", "{D1984EA0-8529-49F0-8E3A-8FF973A8A865}"
EndProject
Project("{2150E333-8FDC-42A3-9474-1A3956D46DE8}") = "2017-09-20", "2017-09-20", "{16E74C4F-DC4E-4FF6-BFF8-9BBAC5952D0D}"
EndProject
Project("{FAE04EC0-301F-11D3-BF4B-00C04F79EFBC}") = "ExamLib", "ExamLib\ExamLib.csproj", "{9960FBE3-5E0B-43F5-A67D-B973682BFEA5}"
EndProject
Project("{FAE04EC0-301F-11D3-BF4B-00C04F79EFBC}") = "ExamTestLib", "ExamTestLib\ExamTestLib.csproj", "{F87D1115-29CD-4D6B-8CA3-8DB795B7E69A}"
EndProject
Project("{FAE04EC0-301F-11D3-BF4B-00C04F79EFBC}") = "ExamWindowsFormsApp", "ExamWindowsFormsApp\ExamWindowsFormsApp.csproj", "{F6D340F9-A126-4548-94CF-E421749A21FA}"
EndProject
Project("{2150E333-8FDC-42A3-9474-1A3956D46DE8}") = "2017-09-25", "2017-09-25", "{814AD059-71BE-420A-A37C-23FF9C19BB8B}"
EndProject
Project("{FAE04EC0-301F-11D3-BF4B-00C04F79EFBC}") = "GuessNumberTestsLib", "GuestNumberTests\GuessNumberTestsLib.csproj", "{AE21FB80-4A57-471A-B342-F4B81BFE98AA}"
EndProject
Project("{FAE04EC0-301F-11D3-BF4B-00C04F79EFBC}") = "GuessNumberLib", "GuestNumberLib\GuessNumberLib.csproj", "{8535A5D7-5E71-414E-BB62-E950C45C14BE}"
EndProject
Project("{FAE04EC0-301F-11D3-BF4B-00C04F79EFBC}") = "GuessNumberWindowApp", "GuessNumberWindowApp\GuessNumberWindowApp.csproj", "{BEFE486A-D251-467F-B56B-EC642C68985D}"
EndProject
Project("{2150E333-8FDC-42A3-9474-1A3956D46DE8}") = "GuessNumber", "GuessNumber", "{0627C229-510A-42B0-87E6-0C35E5632291}"
EndProject
Project("{FAE04EC0-301F-11D3-BF4B-00C04F79EFBC}") = "ThrowDicesLib", "GameLib\ThrowDicesLib.csproj", "{A58C2F12-F2C7-4179-93AD-BC1B8411AE35}"
EndProject
Project("{FAE04EC0-301F-11D3-BF4B-00C04F79EFBC}") = "ThrowDicesTestsLib", "GameNumberTestLib\ThrowDicesTestsLib.csproj", "{4074A993-6434-4A02-B7F1-654562C699D4}"
EndProject
Project("{2150E333-8FDC-42A3-9474-1A3956D46DE8}") = "2017-09-27 OOP", "2017-09-27 OOP", "{A18F012E-E215-4573-8B99-0EF8E4D67631}"
EndProject
Project("{FAE04EC0-301F-11D3-BF4B-00C04F79EFBC}") = "OOPConsoleAPP", "OOPConsoleAPP\OOPConsoleAPP.csproj", "{C801A530-2CE9-4BC7-9603-1DAEB5A7A048}"
EndProject
Project("{FAE04EC0-301F-11D3-BF4B-00C04F79EFBC}") = "CarBuilderApp", "CarBuilderApp\CarBuilderApp.csproj", "{92B0D455-8721-484A-8E60-360E8B0418B1}"
EndProject
Project("{2150E333-8FDC-42A3-9474-1A3956D46DE8}") = "StoryTeller", "StoryTeller", "{29716E2C-BE3B-498F-A696-03D31E5C4B33}"
EndProject
Project("{FAE04EC0-301F-11D3-BF4B-00C04F79EFBC}") = "StoretellerLib", "StoretellerLib\StoretellerLib.csproj", "{8436FC7C-D4D5-4AAC-AF24-F8B8EF03A8CD}"
EndProject
Project("{FAE04EC0-301F-11D3-BF4B-00C04F79EFBC}") = "StorytellerTestsLib", "StoryTellerTestsLib\StorytellerTestsLib.csproj", "{E5CF6E10-B218-403E-A76C-CEB12399BEC3}"
EndProject
Project("{FAE04EC0-301F-11D3-BF4B-00C04F79EFBC}") = "StorytellerWindowsApp3", "StorytellerWindowsApp3\StorytellerWindowsApp3.csproj", "{CD9C5EF0-412D-4C84-BC49-57AC8DCA0B3D}"
EndProject
Project("{FAE04EC0-301F-11D3-BF4B-00C04F79EFBC}") = "DiceGame", "DiceGame\DiceGame.csproj", "{58130416-7368-4BA0-A855-AA77AF954B94}"
EndProject
Project("{2150E333-8FDC-42A3-9474-1A3956D46DE8}") = "RegexProject", "RegexProject", "{6BFF3B95-8AEF-413D-9ADA-FC09C9932277}"
EndProject
Project("{FAE04EC0-301F-11D3-BF4B-00C04F79EFBC}") = "RegexUnitTestProject1", "RegexUnitTestProject1\RegexUnitTestProject1.csproj", "{4D0E2C0C-0BE0-49D5-9251-D97CF8C6CE57}"
EndProject
Project("{FAE04EC0-301F-11D3-BF4B-00C04F79EFBC}") = "EmployeeConverterLib", "EmployeeConverterLib\EmployeeConverterLib.csproj", "{431EE432-0601-4FC2-92A9-3C71E1F2C827}"
EndProject
Project("{2150E333-8FDC-42A3-9474-1A3956D46DE8}") = "Recursive", "Recursive", "{40452495-E431-451E-8E65-654288209CF9}"
EndProject
Project("{FAE04EC0-301F-11D3-BF4B-00C04F79EFBC}") = "UtbuildingTestLib", "UubuildingTest\UtbuildingTestLib.csproj", "{B736315E-24BE-49B6-8E93-A6B30E8A49F7}"
EndProject
Project("{2150E333-8FDC-42A3-9474-1A3956D46DE8}") = "Own test", "Own test", "{EBAC80E8-3525-44AC-860B-6E9F51108A25}"
EndProject
Project("{FAE04EC0-301F-11D3-BF4B-00C04F79EFBC}") = "EmployeeInformation", "EmployeeInformation\EmployeeInformation.csproj", "{E7B974AB-1A5C-4042-9E12-EB6BF5A68F86}"
EndProject
Project("{2150E333-8FDC-42A3-9474-1A3956D46DE8}") = "SEImportTests", "SEImportTests", "{A4F5CD62-C34B-4DCC-9D3D-5A37F24FF6BA}"
EndProject
Project("{FAE04EC0-301F-11D3-BF4B-00C04F79EFBC}") = "SEImportTests", "UnitTestProject\SEImportTests.csproj", "{9AFD0A5B-B666-46E2-B288-C5C2537C2A13}"
EndProject
Project("{FAE04EC0-301F-11D3-BF4B-00C04F79EFBC}") = "SIEAccountLib", "SIEAccountLib\SIEAccountLib.csproj", "{DAA924D5-6B15-4BE6-9FB7-3597D16CF5BD}"
EndProject
Project("{FAE04EC0-301F-11D3-BF4B-00C04F79EFBC}") = "RegexMatchCounterTests", "RegexMatchCounterTests\RegexMatchCounterTests.csproj", "{8E88F9C4-3DBB-4EA5-8CE1-0177DA646061}"
EndProject
Project("{FAE04EC0-301F-11D3-BF4B-00C04F79EFBC}") = "RegexMatchLib", "RegexMatchLib\RegexMatchLib.csproj", "{AB5F5B04-CA75-46AB-A9F1-3E3DEB2F89A8}"
EndProject
Project("{2150E333-8FDC-42A3-9474-1A3956D46DE8}") = "FileHashes", "FileHashes", "{3E2FC5B1-2376-4A15-8173-3B1A80DD7F4E}"
EndProject
Project("{FAE04EC0-301F-11D3-BF4B-00C04F79EFBC}") = "FileComparisonsTests", "FileComparisonsTests\FileComparisonsTests.csproj", "{C9959028-0756-4D13-8DBF-86AC98622716}"
EndProject
Project("{2150E333-8FDC-42A3-9474-1A3956D46DE8}") = "Calculator", "Calculator", "{33D8B26F-4AC3-4AB1-949B-7AE6977AB750}"
EndProject
Project("{FAE04EC0-301F-11D3-BF4B-00C04F79EFBC}") = "CalculatorTestsLib", "CalculatorTestsLib\CalculatorTestsLib.csproj", "{83739C51-B9A4-4031-AB04-DF640A78CEA6}"
EndProject
Project("{FAE04EC0-301F-11D3-BF4B-00C04F79EFBC}") = "CalculatorLib", "Calculator\CalculatorLib.csproj", "{E3EADFB7-E8D8-409A-808F-F6ED4D6C83AB}"
EndProject
Project("{FAE04EC0-301F-11D3-BF4B-00C04F79EFBC}") = "CalculatorWinApp", "CalculatorWinApp\CalculatorWinApp.csproj", "{42939AB7-9016-4D9A-9F0C-DD222DE2FB60}"
EndProject
Project("{2150E333-8FDC-42A3-9474-1A3956D46DE8}") = "Driving Journel", "Driving Journel", "{0C29AB38-A165-418A-BE78-098BCC470844}"
EndProject
Project("{FAE04EC0-301F-11D3-BF4B-00C04F79EFBC}") = "DriverJournalTestsLib", "DriverJournalTestsLib\DriverJournalTestsLib.csproj", "{3B605A3A-7529-432F-A3D6-48073069A9DB}"
EndProject
Project("{FAE04EC0-301F-11D3-BF4B-00C04F79EFBC}") = "DriverJournalLib", "DriverJournalLib\DriverJournalLib.csproj", "{A1810E4B-094D-4CF3-A37A-CD4BDC71DC6C}"
EndProject
Project("{2150E333-8FDC-42A3-9474-1A3956D46DE8}") = "Customer service", "Customer service", "{78CAB0B0-2D7D-40E5-B264-F88A3B55B7D9}"
EndProject
Project("{FAE04EC0-301F-11D3-BF4B-00C04F79EFBC}") = "CustomerServiceTestsLib", "CustomerServiceTestsLib\CustomerServiceTestsLib.csproj", "{80EC6004-7352-456C-9055-790DFCD67038}"
EndProject
Project("{FAE04EC0-301F-11D3-BF4B-00C04F79EFBC}") = "CustomerServiceLib", "CustomerServiceLib\CustomerServiceLib.csproj", "{04C2DF7F-10E8-4728-A459-E3DA61350CF9}"
EndProject
Project("{FAE04EC0-301F-11D3-BF4B-00C04F79EFBC}") = "DrivenJournalWinApp", "DrivenJournalWinApp\DrivenJournalWinApp.csproj", "{16D9B2E1-FDAB-4C41-A326-945C38A043B7}"
EndProject
Project("{2150E333-8FDC-42A3-9474-1A3956D46DE8}") = "School", "School", "{988CA11B-A189-494B-AD60-307FA9430E25}"
EndProject
Project("{FAE04EC0-301F-11D3-BF4B-00C04F79EFBC}") = "SchoolTestsLib", "SchoolTestsLib\SchoolTestsLib.csproj", "{DF3270D0-5900-445F-AC98-8300FC8B2BFB}"
EndProject
Project("{FAE04EC0-301F-11D3-BF4B-00C04F79EFBC}") = "SchoolLib", "SchoolLib\SchoolLib.csproj", "{19F97BF5-A44F-4DD0-8892-CBC5631A29C5}"
EndProject
Project("{2150E333-8FDC-42A3-9474-1A3956D46DE8}") = "Övning-Programmering Csharp", "Övning-Programmering Csharp", "{5F928AFB-8DC8-43EA-A109-E5612083212E}"
EndProject
Project("{FAE04EC0-301F-11D3-BF4B-00C04F79EFBC}") = "PracticeTestsLib", "PracticeTestsLib\PracticeTestsLib.csproj", "{3A6DC7AB-1B10-4C31-9426-A897A13DF182}"
EndProject
Project("{FAE04EC0-301F-11D3-BF4B-00C04F79EFBC}") = "PracticeLib", "PracticeLib\PracticeLib.csproj", "{C9D297E2-135A-4125-A7FB-5DFD1A4BB6C3}"
EndProject
Project("{FAE04EC0-301F-11D3-BF4B-00C04F79EFBC}") = "PracticeAPP", "PracticeAPP\PracticeAPP.csproj", "{1C3C8622-2B07-4B7D-AB9C-5973DB94FCEF}"
EndProject
Project("{2150E333-8FDC-42A3-9474-1A3956D46DE8}") = "test charp", "test charp", "{112004F1-8A37-4314-9E53-679290696AFA}"
EndProject
Project("{2150E333-8FDC-42A3-9474-1A3956D46DE8}") = "Exam Practise", "Exam Practise", "{6B10A511-BDC7-46AD-B23E-FA0D7F98FE68}"
EndProject
Project("{FAE04EC0-301F-11D3-BF4B-00C04F79EFBC}") = "ExamPracticeLib", "ExamPracticeLib\ExamPracticeLib.csproj", "{8D878483-1A04-4D27-A0FD-CE9506EB9791}"
EndProject
Project("{FAE04EC0-301F-11D3-BF4B-00C04F79EFBC}") = "ExamPracticeTests", "ExamPracticeTests\ExamPracticeTests.csproj", "{C6A1E7A7-8830-4259-9FC6-1237FD9692BA}"
EndProject
Project("{FAE04EC0-301F-11D3-BF4B-00C04F79EFBC}") = "ExamPractisesApp", "ExamPractisesApp\ExamPractisesApp.csproj", "{BDC1AE7E-E89E-401F-9480-75FB60B81932}"
EndProject
Global
	GlobalSection(SolutionConfigurationPlatforms) = preSolution
		Debug|Any CPU = Debug|Any CPU
		Release|Any CPU = Release|Any CPU
	EndGlobalSection
	GlobalSection(ProjectConfigurationPlatforms) = postSolution
		{9F6B663D-973E-454E-AEF7-D3F87C1B312E}.Debug|Any CPU.ActiveCfg = Debug|Any CPU
		{9F6B663D-973E-454E-AEF7-D3F87C1B312E}.Debug|Any CPU.Build.0 = Debug|Any CPU
		{9F6B663D-973E-454E-AEF7-D3F87C1B312E}.Release|Any CPU.ActiveCfg = Release|Any CPU
		{9F6B663D-973E-454E-AEF7-D3F87C1B312E}.Release|Any CPU.Build.0 = Release|Any CPU
		{0F233EE8-6F19-485B-9C24-EAEC013D2861}.Debug|Any CPU.ActiveCfg = Debug|Any CPU
		{0F233EE8-6F19-485B-9C24-EAEC013D2861}.Debug|Any CPU.Build.0 = Debug|Any CPU
		{0F233EE8-6F19-485B-9C24-EAEC013D2861}.Release|Any CPU.ActiveCfg = Release|Any CPU
		{0F233EE8-6F19-485B-9C24-EAEC013D2861}.Release|Any CPU.Build.0 = Release|Any CPU
		{03D32839-24C1-4FC4-9F61-356F3C2E6F23}.Debug|Any CPU.ActiveCfg = Debug|Any CPU
		{03D32839-24C1-4FC4-9F61-356F3C2E6F23}.Debug|Any CPU.Build.0 = Debug|Any CPU
		{03D32839-24C1-4FC4-9F61-356F3C2E6F23}.Release|Any CPU.ActiveCfg = Release|Any CPU
		{03D32839-24C1-4FC4-9F61-356F3C2E6F23}.Release|Any CPU.Build.0 = Release|Any CPU
		{D1984EA0-8529-49F0-8E3A-8FF973A8A865}.Debug|Any CPU.ActiveCfg = Debug|Any CPU
		{D1984EA0-8529-49F0-8E3A-8FF973A8A865}.Debug|Any CPU.Build.0 = Debug|Any CPU
		{D1984EA0-8529-49F0-8E3A-8FF973A8A865}.Release|Any CPU.ActiveCfg = Release|Any CPU
		{D1984EA0-8529-49F0-8E3A-8FF973A8A865}.Release|Any CPU.Build.0 = Release|Any CPU
		{9960FBE3-5E0B-43F5-A67D-B973682BFEA5}.Debug|Any CPU.ActiveCfg = Debug|Any CPU
		{9960FBE3-5E0B-43F5-A67D-B973682BFEA5}.Debug|Any CPU.Build.0 = Debug|Any CPU
		{9960FBE3-5E0B-43F5-A67D-B973682BFEA5}.Release|Any CPU.ActiveCfg = Release|Any CPU
		{9960FBE3-5E0B-43F5-A67D-B973682BFEA5}.Release|Any CPU.Build.0 = Release|Any CPU
		{F87D1115-29CD-4D6B-8CA3-8DB795B7E69A}.Debug|Any CPU.ActiveCfg = Debug|Any CPU
		{F87D1115-29CD-4D6B-8CA3-8DB795B7E69A}.Debug|Any CPU.Build.0 = Debug|Any CPU
		{F87D1115-29CD-4D6B-8CA3-8DB795B7E69A}.Release|Any CPU.ActiveCfg = Release|Any CPU
		{F87D1115-29CD-4D6B-8CA3-8DB795B7E69A}.Release|Any CPU.Build.0 = Release|Any CPU
		{F6D340F9-A126-4548-94CF-E421749A21FA}.Debug|Any CPU.ActiveCfg = Debug|Any CPU
		{F6D340F9-A126-4548-94CF-E421749A21FA}.Debug|Any CPU.Build.0 = Debug|Any CPU
		{F6D340F9-A126-4548-94CF-E421749A21FA}.Release|Any CPU.ActiveCfg = Release|Any CPU
		{F6D340F9-A126-4548-94CF-E421749A21FA}.Release|Any CPU.Build.0 = Release|Any CPU
		{AE21FB80-4A57-471A-B342-F4B81BFE98AA}.Debug|Any CPU.ActiveCfg = Debug|Any CPU
		{AE21FB80-4A57-471A-B342-F4B81BFE98AA}.Debug|Any CPU.Build.0 = Debug|Any CPU
		{AE21FB80-4A57-471A-B342-F4B81BFE98AA}.Release|Any CPU.ActiveCfg = Release|Any CPU
		{AE21FB80-4A57-471A-B342-F4B81BFE98AA}.Release|Any CPU.Build.0 = Release|Any CPU
		{8535A5D7-5E71-414E-BB62-E950C45C14BE}.Debug|Any CPU.ActiveCfg = Debug|Any CPU
		{8535A5D7-5E71-414E-BB62-E950C45C14BE}.Debug|Any CPU.Build.0 = Debug|Any CPU
		{8535A5D7-5E71-414E-BB62-E950C45C14BE}.Release|Any CPU.ActiveCfg = Release|Any CPU
		{8535A5D7-5E71-414E-BB62-E950C45C14BE}.Release|Any CPU.Build.0 = Release|Any CPU
		{BEFE486A-D251-467F-B56B-EC642C68985D}.Debug|Any CPU.ActiveCfg = Debug|Any CPU
		{BEFE486A-D251-467F-B56B-EC642C68985D}.Debug|Any CPU.Build.0 = Debug|Any CPU
		{BEFE486A-D251-467F-B56B-EC642C68985D}.Release|Any CPU.ActiveCfg = Release|Any CPU
		{BEFE486A-D251-467F-B56B-EC642C68985D}.Release|Any CPU.Build.0 = Release|Any CPU
		{A58C2F12-F2C7-4179-93AD-BC1B8411AE35}.Debug|Any CPU.ActiveCfg = Debug|Any CPU
		{A58C2F12-F2C7-4179-93AD-BC1B8411AE35}.Debug|Any CPU.Build.0 = Debug|Any CPU
		{A58C2F12-F2C7-4179-93AD-BC1B8411AE35}.Release|Any CPU.ActiveCfg = Release|Any CPU
		{A58C2F12-F2C7-4179-93AD-BC1B8411AE35}.Release|Any CPU.Build.0 = Release|Any CPU
		{4074A993-6434-4A02-B7F1-654562C699D4}.Debug|Any CPU.ActiveCfg = Debug|Any CPU
		{4074A993-6434-4A02-B7F1-654562C699D4}.Debug|Any CPU.Build.0 = Debug|Any CPU
		{4074A993-6434-4A02-B7F1-654562C699D4}.Release|Any CPU.ActiveCfg = Release|Any CPU
		{4074A993-6434-4A02-B7F1-654562C699D4}.Release|Any CPU.Build.0 = Release|Any CPU
		{C801A530-2CE9-4BC7-9603-1DAEB5A7A048}.Debug|Any CPU.ActiveCfg = Debug|Any CPU
		{C801A530-2CE9-4BC7-9603-1DAEB5A7A048}.Debug|Any CPU.Build.0 = Debug|Any CPU
		{C801A530-2CE9-4BC7-9603-1DAEB5A7A048}.Release|Any CPU.ActiveCfg = Release|Any CPU
		{C801A530-2CE9-4BC7-9603-1DAEB5A7A048}.Release|Any CPU.Build.0 = Release|Any CPU
		{92B0D455-8721-484A-8E60-360E8B0418B1}.Debug|Any CPU.ActiveCfg = Debug|Any CPU
		{92B0D455-8721-484A-8E60-360E8B0418B1}.Debug|Any CPU.Build.0 = Debug|Any CPU
		{92B0D455-8721-484A-8E60-360E8B0418B1}.Release|Any CPU.ActiveCfg = Release|Any CPU
		{92B0D455-8721-484A-8E60-360E8B0418B1}.Release|Any CPU.Build.0 = Release|Any CPU
		{8436FC7C-D4D5-4AAC-AF24-F8B8EF03A8CD}.Debug|Any CPU.ActiveCfg = Debug|Any CPU
		{8436FC7C-D4D5-4AAC-AF24-F8B8EF03A8CD}.Debug|Any CPU.Build.0 = Debug|Any CPU
		{8436FC7C-D4D5-4AAC-AF24-F8B8EF03A8CD}.Release|Any CPU.ActiveCfg = Release|Any CPU
		{8436FC7C-D4D5-4AAC-AF24-F8B8EF03A8CD}.Release|Any CPU.Build.0 = Release|Any CPU
		{E5CF6E10-B218-403E-A76C-CEB12399BEC3}.Debug|Any CPU.ActiveCfg = Debug|Any CPU
		{E5CF6E10-B218-403E-A76C-CEB12399BEC3}.Debug|Any CPU.Build.0 = Debug|Any CPU
		{E5CF6E10-B218-403E-A76C-CEB12399BEC3}.Release|Any CPU.ActiveCfg = Release|Any CPU
		{E5CF6E10-B218-403E-A76C-CEB12399BEC3}.Release|Any CPU.Build.0 = Release|Any CPU
		{CD9C5EF0-412D-4C84-BC49-57AC8DCA0B3D}.Debug|Any CPU.ActiveCfg = Debug|Any CPU
		{CD9C5EF0-412D-4C84-BC49-57AC8DCA0B3D}.Debug|Any CPU.Build.0 = Debug|Any CPU
		{CD9C5EF0-412D-4C84-BC49-57AC8DCA0B3D}.Release|Any CPU.ActiveCfg = Release|Any CPU
		{CD9C5EF0-412D-4C84-BC49-57AC8DCA0B3D}.Release|Any CPU.Build.0 = Release|Any CPU
		{58130416-7368-4BA0-A855-AA77AF954B94}.Debug|Any CPU.ActiveCfg = Debug|Any CPU
		{58130416-7368-4BA0-A855-AA77AF954B94}.Debug|Any CPU.Build.0 = Debug|Any CPU
		{58130416-7368-4BA0-A855-AA77AF954B94}.Release|Any CPU.ActiveCfg = Release|Any CPU
		{58130416-7368-4BA0-A855-AA77AF954B94}.Release|Any CPU.Build.0 = Release|Any CPU
		{4D0E2C0C-0BE0-49D5-9251-D97CF8C6CE57}.Debug|Any CPU.ActiveCfg = Debug|Any CPU
		{4D0E2C0C-0BE0-49D5-9251-D97CF8C6CE57}.Debug|Any CPU.Build.0 = Debug|Any CPU
		{4D0E2C0C-0BE0-49D5-9251-D97CF8C6CE57}.Release|Any CPU.ActiveCfg = Release|Any CPU
		{4D0E2C0C-0BE0-49D5-9251-D97CF8C6CE57}.Release|Any CPU.Build.0 = Release|Any CPU
		{431EE432-0601-4FC2-92A9-3C71E1F2C827}.Debug|Any CPU.ActiveCfg = Debug|Any CPU
		{431EE432-0601-4FC2-92A9-3C71E1F2C827}.Debug|Any CPU.Build.0 = Debug|Any CPU
		{431EE432-0601-4FC2-92A9-3C71E1F2C827}.Release|Any CPU.ActiveCfg = Release|Any CPU
		{431EE432-0601-4FC2-92A9-3C71E1F2C827}.Release|Any CPU.Build.0 = Release|Any CPU
		{B736315E-24BE-49B6-8E93-A6B30E8A49F7}.Debug|Any CPU.ActiveCfg = Debug|Any CPU
		{B736315E-24BE-49B6-8E93-A6B30E8A49F7}.Debug|Any CPU.Build.0 = Debug|Any CPU
		{B736315E-24BE-49B6-8E93-A6B30E8A49F7}.Release|Any CPU.ActiveCfg = Release|Any CPU
		{B736315E-24BE-49B6-8E93-A6B30E8A49F7}.Release|Any CPU.Build.0 = Release|Any CPU
		{E7B974AB-1A5C-4042-9E12-EB6BF5A68F86}.Debug|Any CPU.ActiveCfg = Debug|Any CPU
		{E7B974AB-1A5C-4042-9E12-EB6BF5A68F86}.Debug|Any CPU.Build.0 = Debug|Any CPU
		{E7B974AB-1A5C-4042-9E12-EB6BF5A68F86}.Release|Any CPU.ActiveCfg = Release|Any CPU
		{E7B974AB-1A5C-4042-9E12-EB6BF5A68F86}.Release|Any CPU.Build.0 = Release|Any CPU
		{9AFD0A5B-B666-46E2-B288-C5C2537C2A13}.Debug|Any CPU.ActiveCfg = Debug|Any CPU
		{9AFD0A5B-B666-46E2-B288-C5C2537C2A13}.Debug|Any CPU.Build.0 = Debug|Any CPU
		{9AFD0A5B-B666-46E2-B288-C5C2537C2A13}.Release|Any CPU.ActiveCfg = Release|Any CPU
		{9AFD0A5B-B666-46E2-B288-C5C2537C2A13}.Release|Any CPU.Build.0 = Release|Any CPU
		{DAA924D5-6B15-4BE6-9FB7-3597D16CF5BD}.Debug|Any CPU.ActiveCfg = Debug|Any CPU
		{DAA924D5-6B15-4BE6-9FB7-3597D16CF5BD}.Debug|Any CPU.Build.0 = Debug|Any CPU
		{DAA924D5-6B15-4BE6-9FB7-3597D16CF5BD}.Release|Any CPU.ActiveCfg = Release|Any CPU
		{DAA924D5-6B15-4BE6-9FB7-3597D16CF5BD}.Release|Any CPU.Build.0 = Release|Any CPU
		{8E88F9C4-3DBB-4EA5-8CE1-0177DA646061}.Debug|Any CPU.ActiveCfg = Debug|Any CPU
		{8E88F9C4-3DBB-4EA5-8CE1-0177DA646061}.Debug|Any CPU.Build.0 = Debug|Any CPU
		{8E88F9C4-3DBB-4EA5-8CE1-0177DA646061}.Release|Any CPU.ActiveCfg = Release|Any CPU
		{8E88F9C4-3DBB-4EA5-8CE1-0177DA646061}.Release|Any CPU.Build.0 = Release|Any CPU
		{AB5F5B04-CA75-46AB-A9F1-3E3DEB2F89A8}.Debug|Any CPU.ActiveCfg = Debug|Any CPU
		{AB5F5B04-CA75-46AB-A9F1-3E3DEB2F89A8}.Debug|Any CPU.Build.0 = Debug|Any CPU
		{AB5F5B04-CA75-46AB-A9F1-3E3DEB2F89A8}.Release|Any CPU.ActiveCfg = Release|Any CPU
		{AB5F5B04-CA75-46AB-A9F1-3E3DEB2F89A8}.Release|Any CPU.Build.0 = Release|Any CPU
		{C9959028-0756-4D13-8DBF-86AC98622716}.Debug|Any CPU.ActiveCfg = Debug|Any CPU
		{C9959028-0756-4D13-8DBF-86AC98622716}.Debug|Any CPU.Build.0 = Debug|Any CPU
		{C9959028-0756-4D13-8DBF-86AC98622716}.Release|Any CPU.ActiveCfg = Release|Any CPU
		{C9959028-0756-4D13-8DBF-86AC98622716}.Release|Any CPU.Build.0 = Release|Any CPU
		{83739C51-B9A4-4031-AB04-DF640A78CEA6}.Debug|Any CPU.ActiveCfg = Debug|Any CPU
		{83739C51-B9A4-4031-AB04-DF640A78CEA6}.Debug|Any CPU.Build.0 = Debug|Any CPU
		{83739C51-B9A4-4031-AB04-DF640A78CEA6}.Release|Any CPU.ActiveCfg = Release|Any CPU
		{83739C51-B9A4-4031-AB04-DF640A78CEA6}.Release|Any CPU.Build.0 = Release|Any CPU
		{E3EADFB7-E8D8-409A-808F-F6ED4D6C83AB}.Debug|Any CPU.ActiveCfg = Debug|Any CPU
		{E3EADFB7-E8D8-409A-808F-F6ED4D6C83AB}.Debug|Any CPU.Build.0 = Debug|Any CPU
		{E3EADFB7-E8D8-409A-808F-F6ED4D6C83AB}.Release|Any CPU.ActiveCfg = Release|Any CPU
		{E3EADFB7-E8D8-409A-808F-F6ED4D6C83AB}.Release|Any CPU.Build.0 = Release|Any CPU
		{42939AB7-9016-4D9A-9F0C-DD222DE2FB60}.Debug|Any CPU.ActiveCfg = Debug|Any CPU
		{42939AB7-9016-4D9A-9F0C-DD222DE2FB60}.Debug|Any CPU.Build.0 = Debug|Any CPU
		{42939AB7-9016-4D9A-9F0C-DD222DE2FB60}.Release|Any CPU.ActiveCfg = Release|Any CPU
		{42939AB7-9016-4D9A-9F0C-DD222DE2FB60}.Release|Any CPU.Build.0 = Release|Any CPU
		{3B605A3A-7529-432F-A3D6-48073069A9DB}.Debug|Any CPU.ActiveCfg = Debug|Any CPU
		{3B605A3A-7529-432F-A3D6-48073069A9DB}.Debug|Any CPU.Build.0 = Debug|Any CPU
		{3B605A3A-7529-432F-A3D6-48073069A9DB}.Release|Any CPU.ActiveCfg = Release|Any CPU
		{3B605A3A-7529-432F-A3D6-48073069A9DB}.Release|Any CPU.Build.0 = Release|Any CPU
		{A1810E4B-094D-4CF3-A37A-CD4BDC71DC6C}.Debug|Any CPU.ActiveCfg = Debug|Any CPU
		{A1810E4B-094D-4CF3-A37A-CD4BDC71DC6C}.Debug|Any CPU.Build.0 = Debug|Any CPU
		{A1810E4B-094D-4CF3-A37A-CD4BDC71DC6C}.Release|Any CPU.ActiveCfg = Release|Any CPU
		{A1810E4B-094D-4CF3-A37A-CD4BDC71DC6C}.Release|Any CPU.Build.0 = Release|Any CPU
		{80EC6004-7352-456C-9055-790DFCD67038}.Debug|Any CPU.ActiveCfg = Debug|Any CPU
		{80EC6004-7352-456C-9055-790DFCD67038}.Debug|Any CPU.Build.0 = Debug|Any CPU
		{80EC6004-7352-456C-9055-790DFCD67038}.Release|Any CPU.ActiveCfg = Release|Any CPU
		{80EC6004-7352-456C-9055-790DFCD67038}.Release|Any CPU.Build.0 = Release|Any CPU
		{04C2DF7F-10E8-4728-A459-E3DA61350CF9}.Debug|Any CPU.ActiveCfg = Debug|Any CPU
		{04C2DF7F-10E8-4728-A459-E3DA61350CF9}.Debug|Any CPU.Build.0 = Debug|Any CPU
		{04C2DF7F-10E8-4728-A459-E3DA61350CF9}.Release|Any CPU.ActiveCfg = Release|Any CPU
		{04C2DF7F-10E8-4728-A459-E3DA61350CF9}.Release|Any CPU.Build.0 = Release|Any CPU
		{16D9B2E1-FDAB-4C41-A326-945C38A043B7}.Debug|Any CPU.ActiveCfg = Debug|Any CPU
		{16D9B2E1-FDAB-4C41-A326-945C38A043B7}.Debug|Any CPU.Build.0 = Debug|Any CPU
		{16D9B2E1-FDAB-4C41-A326-945C38A043B7}.Release|Any CPU.ActiveCfg = Release|Any CPU
		{16D9B2E1-FDAB-4C41-A326-945C38A043B7}.Release|Any CPU.Build.0 = Release|Any CPU
		{DF3270D0-5900-445F-AC98-8300FC8B2BFB}.Debug|Any CPU.ActiveCfg = Debug|Any CPU
		{DF3270D0-5900-445F-AC98-8300FC8B2BFB}.Debug|Any CPU.Build.0 = Debug|Any CPU
		{DF3270D0-5900-445F-AC98-8300FC8B2BFB}.Release|Any CPU.ActiveCfg = Release|Any CPU
		{DF3270D0-5900-445F-AC98-8300FC8B2BFB}.Release|Any CPU.Build.0 = Release|Any CPU
		{19F97BF5-A44F-4DD0-8892-CBC5631A29C5}.Debug|Any CPU.ActiveCfg = Debug|Any CPU
		{19F97BF5-A44F-4DD0-8892-CBC5631A29C5}.Debug|Any CPU.Build.0 = Debug|Any CPU
		{19F97BF5-A44F-4DD0-8892-CBC5631A29C5}.Release|Any CPU.ActiveCfg = Release|Any CPU
		{19F97BF5-A44F-4DD0-8892-CBC5631A29C5}.Release|Any CPU.Build.0 = Release|Any CPU
		{3A6DC7AB-1B10-4C31-9426-A897A13DF182}.Debug|Any CPU.ActiveCfg = Debug|Any CPU
		{3A6DC7AB-1B10-4C31-9426-A897A13DF182}.Debug|Any CPU.Build.0 = Debug|Any CPU
		{3A6DC7AB-1B10-4C31-9426-A897A13DF182}.Release|Any CPU.ActiveCfg = Release|Any CPU
		{3A6DC7AB-1B10-4C31-9426-A897A13DF182}.Release|Any CPU.Build.0 = Release|Any CPU
		{C9D297E2-135A-4125-A7FB-5DFD1A4BB6C3}.Debug|Any CPU.ActiveCfg = Debug|Any CPU
		{C9D297E2-135A-4125-A7FB-5DFD1A4BB6C3}.Debug|Any CPU.Build.0 = Debug|Any CPU
		{C9D297E2-135A-4125-A7FB-5DFD1A4BB6C3}.Release|Any CPU.ActiveCfg = Release|Any CPU
		{C9D297E2-135A-4125-A7FB-5DFD1A4BB6C3}.Release|Any CPU.Build.0 = Release|Any CPU
		{1C3C8622-2B07-4B7D-AB9C-5973DB94FCEF}.Debug|Any CPU.ActiveCfg = Debug|Any CPU
		{1C3C8622-2B07-4B7D-AB9C-5973DB94FCEF}.Debug|Any CPU.Build.0 = Debug|Any CPU
		{1C3C8622-2B07-4B7D-AB9C-5973DB94FCEF}.Release|Any CPU.ActiveCfg = Release|Any CPU
		{1C3C8622-2B07-4B7D-AB9C-5973DB94FCEF}.Release|Any CPU.Build.0 = Release|Any CPU
		{8D878483-1A04-4D27-A0FD-CE9506EB9791}.Debug|Any CPU.ActiveCfg = Debug|Any CPU
		{8D878483-1A04-4D27-A0FD-CE9506EB9791}.Debug|Any CPU.Build.0 = Debug|Any CPU
		{8D878483-1A04-4D27-A0FD-CE9506EB9791}.Release|Any CPU.ActiveCfg = Release|Any CPU
		{8D878483-1A04-4D27-A0FD-CE9506EB9791}.Release|Any CPU.Build.0 = Release|Any CPU
		{C6A1E7A7-8830-4259-9FC6-1237FD9692BA}.Debug|Any CPU.ActiveCfg = Debug|Any CPU
		{C6A1E7A7-8830-4259-9FC6-1237FD9692BA}.Debug|Any CPU.Build.0 = Debug|Any CPU
		{C6A1E7A7-8830-4259-9FC6-1237FD9692BA}.Release|Any CPU.ActiveCfg = Release|Any CPU
		{C6A1E7A7-8830-4259-9FC6-1237FD9692BA}.Release|Any CPU.Build.0 = Release|Any CPU
		{BDC1AE7E-E89E-401F-9480-75FB60B81932}.Debug|Any CPU.ActiveCfg = Debug|Any CPU
		{BDC1AE7E-E89E-401F-9480-75FB60B81932}.Debug|Any CPU.Build.0 = Debug|Any CPU
		{BDC1AE7E-E89E-401F-9480-75FB60B81932}.Release|Any CPU.ActiveCfg = Release|Any CPU
		{BDC1AE7E-E89E-401F-9480-75FB60B81932}.Release|Any CPU.Build.0 = Release|Any CPU
	EndGlobalSection
	GlobalSection(SolutionProperties) = preSolution
		HideSolutionNode = FALSE
	EndGlobalSection
	GlobalSection(NestedProjects) = preSolution
		{9F6B663D-973E-454E-AEF7-D3F87C1B312E} = {B544A038-DD23-4B96-A69A-429B16DE19C0}
		{0F233EE8-6F19-485B-9C24-EAEC013D2861} = {B544A038-DD23-4B96-A69A-429B16DE19C0}
		{03D32839-24C1-4FC4-9F61-356F3C2E6F23} = {B544A038-DD23-4B96-A69A-429B16DE19C0}
		{D1984EA0-8529-49F0-8E3A-8FF973A8A865} = {B544A038-DD23-4B96-A69A-429B16DE19C0}
		{9960FBE3-5E0B-43F5-A67D-B973682BFEA5} = {16E74C4F-DC4E-4FF6-BFF8-9BBAC5952D0D}
		{F87D1115-29CD-4D6B-8CA3-8DB795B7E69A} = {16E74C4F-DC4E-4FF6-BFF8-9BBAC5952D0D}
		{F6D340F9-A126-4548-94CF-E421749A21FA} = {16E74C4F-DC4E-4FF6-BFF8-9BBAC5952D0D}
		{AE21FB80-4A57-471A-B342-F4B81BFE98AA} = {814AD059-71BE-420A-A37C-23FF9C19BB8B}
		{8535A5D7-5E71-414E-BB62-E950C45C14BE} = {814AD059-71BE-420A-A37C-23FF9C19BB8B}
		{BEFE486A-D251-467F-B56B-EC642C68985D} = {814AD059-71BE-420A-A37C-23FF9C19BB8B}
		{0627C229-510A-42B0-87E6-0C35E5632291} = {814AD059-71BE-420A-A37C-23FF9C19BB8B}
		{A58C2F12-F2C7-4179-93AD-BC1B8411AE35} = {0627C229-510A-42B0-87E6-0C35E5632291}
		{4074A993-6434-4A02-B7F1-654562C699D4} = {0627C229-510A-42B0-87E6-0C35E5632291}
		{C801A530-2CE9-4BC7-9603-1DAEB5A7A048} = {A18F012E-E215-4573-8B99-0EF8E4D67631}
		{92B0D455-8721-484A-8E60-360E8B0418B1} = {A18F012E-E215-4573-8B99-0EF8E4D67631}
		{29716E2C-BE3B-498F-A696-03D31E5C4B33} = {B544A038-DD23-4B96-A69A-429B16DE19C0}
		{8436FC7C-D4D5-4AAC-AF24-F8B8EF03A8CD} = {29716E2C-BE3B-498F-A696-03D31E5C4B33}
		{E5CF6E10-B218-403E-A76C-CEB12399BEC3} = {29716E2C-BE3B-498F-A696-03D31E5C4B33}
		{CD9C5EF0-412D-4C84-BC49-57AC8DCA0B3D} = {29716E2C-BE3B-498F-A696-03D31E5C4B33}
		{58130416-7368-4BA0-A855-AA77AF954B94} = {0627C229-510A-42B0-87E6-0C35E5632291}
		{4D0E2C0C-0BE0-49D5-9251-D97CF8C6CE57} = {6BFF3B95-8AEF-413D-9ADA-FC09C9932277}
		{431EE432-0601-4FC2-92A9-3C71E1F2C827} = {6BFF3B95-8AEF-413D-9ADA-FC09C9932277}
		{B736315E-24BE-49B6-8E93-A6B30E8A49F7} = {40452495-E431-451E-8E65-654288209CF9}
		{E7B974AB-1A5C-4042-9E12-EB6BF5A68F86} = {EBAC80E8-3525-44AC-860B-6E9F51108A25}
		{9AFD0A5B-B666-46E2-B288-C5C2537C2A13} = {A4F5CD62-C34B-4DCC-9D3D-5A37F24FF6BA}
		{DAA924D5-6B15-4BE6-9FB7-3597D16CF5BD} = {A4F5CD62-C34B-4DCC-9D3D-5A37F24FF6BA}
		{8E88F9C4-3DBB-4EA5-8CE1-0177DA646061} = {A4F5CD62-C34B-4DCC-9D3D-5A37F24FF6BA}
		{AB5F5B04-CA75-46AB-A9F1-3E3DEB2F89A8} = {A4F5CD62-C34B-4DCC-9D3D-5A37F24FF6BA}
		{C9959028-0756-4D13-8DBF-86AC98622716} = {3E2FC5B1-2376-4A15-8173-3B1A80DD7F4E}
		{83739C51-B9A4-4031-AB04-DF640A78CEA6} = {33D8B26F-4AC3-4AB1-949B-7AE6977AB750}
		{E3EADFB7-E8D8-409A-808F-F6ED4D6C83AB} = {33D8B26F-4AC3-4AB1-949B-7AE6977AB750}
		{42939AB7-9016-4D9A-9F0C-DD222DE2FB60} = {33D8B26F-4AC3-4AB1-949B-7AE6977AB750}
		{3B605A3A-7529-432F-A3D6-48073069A9DB} = {0C29AB38-A165-418A-BE78-098BCC470844}
		{A1810E4B-094D-4CF3-A37A-CD4BDC71DC6C} = {0C29AB38-A165-418A-BE78-098BCC470844}
		{80EC6004-7352-456C-9055-790DFCD67038} = {78CAB0B0-2D7D-40E5-B264-F88A3B55B7D9}
		{04C2DF7F-10E8-4728-A459-E3DA61350CF9} = {78CAB0B0-2D7D-40E5-B264-F88A3B55B7D9}
		{16D9B2E1-FDAB-4C41-A326-945C38A043B7} = {0C29AB38-A165-418A-BE78-098BCC470844}
		{DF3270D0-5900-445F-AC98-8300FC8B2BFB} = {988CA11B-A189-494B-AD60-307FA9430E25}
		{19F97BF5-A44F-4DD0-8892-CBC5631A29C5} = {988CA11B-A189-494B-AD60-307FA9430E25}
		{3A6DC7AB-1B10-4C31-9426-A897A13DF182} = {5F928AFB-8DC8-43EA-A109-E5612083212E}
		{C9D297E2-135A-4125-A7FB-5DFD1A4BB6C3} = {5F928AFB-8DC8-43EA-A109-E5612083212E}
		{1C3C8622-2B07-4B7D-AB9C-5973DB94FCEF} = {5F928AFB-8DC8-43EA-A109-E5612083212E}
		{8D878483-1A04-4D27-A0FD-CE9506EB9791} = {6B10A511-BDC7-46AD-B23E-FA0D7F98FE68}
		{C6A1E7A7-8830-4259-9FC6-1237FD9692BA} = {6B10A511-BDC7-46AD-B23E-FA0D7F98FE68}
		{BDC1AE7E-E89E-401F-9480-75FB60B81932} = {6B10A511-BDC7-46AD-B23E-FA0D7F98FE68}
	EndGlobalSection
EndGlobal
