
Microsoft Visual Studio Solution File, Format Version 12.00
# Visual Studio 15
VisualStudioVersion = 15.0.26228.4
MinimumVisualStudioVersion = 10.0.40219.1
Project("{FAE04EC0-301F-11D3-BF4B-00C04F79EFBC}") = "UnitTestProject1", "UnitTestProject1\UnitTestProject1.csproj", "{6A2B2B6B-D586-4DC5-8BC2-72E670F3C1DA}"
EndProject
Project("{FAE04EC0-301F-11D3-BF4B-00C04F79EFBC}") = "ConsoleApp3", "ConsoleApp3\ConsoleApp3.csproj", "{1EBF812D-DC41-44A6-8E29-FC716C579501}"
EndProject
Project("{2150E333-8FDC-42A3-9474-1A3956D46DE8}") = "2017-09-18", "2017-09-18", "{B544A038-DD23-4B96-A69A-429B16DE19C0}"
EndProject
Project("{FAE04EC0-301F-11D3-BF4B-00C04F79EFBC}") = "VarukorgLib", "VarukorgLib\VarukorgLib.csproj", "{9F6B663D-973E-454E-AEF7-D3F87C1B312E}"
EndProject
Project("{FAE04EC0-301F-11D3-BF4B-00C04F79EFBC}") = "VarukorgTestLib", "VarukorgTestLib\VarukorgTestLib.csproj", "{0F233EE8-6F19-485B-9C24-EAEC013D2861}"
EndProject
Project("{FAE04EC0-301F-11D3-BF4B-00C04F79EFBC}") = "StoryTellerWindowsApp", "StoryTellerWindowsApp\StoryTellerWindowsApp.csproj", "{77EFFC10-9E0D-47A6-878D-4F94140B940A}"
EndProject
Project("{FAE04EC0-301F-11D3-BF4B-00C04F79EFBC}") = "CirkusLib", "CirkusLib\CirkusLib.csproj", "{03D32839-24C1-4FC4-9F61-356F3C2E6F23}"
EndProject
Project("{FAE04EC0-301F-11D3-BF4B-00C04F79EFBC}") = "CirkusLibTests", "UnitTestProject2\CirkusLibTests.csproj", "{D1984EA0-8529-49F0-8E3A-8FF973A8A865}"
EndProject
Project("{2150E333-8FDC-42A3-9474-1A3956D46DE8}") = "2017-09-20", "2017-09-20", "{16E74C4F-DC4E-4FF6-BFF8-9BBAC5952D0D}"
EndProject
Project("{FAE04EC0-301F-11D3-BF4B-00C04F79EFBC}") = "ExamLib", "ExamLib\ExamLib.csproj", "{9960FBE3-5E0B-43F5-A67D-B973682BFEA5}"
EndProject
Project("{FAE04EC0-301F-11D3-BF4B-00C04F79EFBC}") = "ExamTestLib", "ExamTestLib\ExamTestLib.csproj", "{F87D1115-29CD-4D6B-8CA3-8DB795B7E69A}"
EndProject
Project("{FAE04EC0-301F-11D3-BF4B-00C04F79EFBC}") = "ExamWindowsFormsApp", "ExamWindowsFormsApp\ExamWindowsFormsApp.csproj", "{F6D340F9-A126-4548-94CF-E421749A21FA}"
EndProject
Project("{2150E333-8FDC-42A3-9474-1A3956D46DE8}") = "2017-09-25", "2017-09-25", "{814AD059-71BE-420A-A37C-23FF9C19BB8B}"
EndProject
Project("{FAE04EC0-301F-11D3-BF4B-00C04F79EFBC}") = "GuessNumberTestsLib", "GuestNumberTests\GuessNumberTestsLib.csproj", "{AE21FB80-4A57-471A-B342-F4B81BFE98AA}"
EndProject
Project("{FAE04EC0-301F-11D3-BF4B-00C04F79EFBC}") = "GuessNumberLib", "GuestNumberLib\GuessNumberLib.csproj", "{8535A5D7-5E71-414E-BB62-E950C45C14BE}"
EndProject
Project("{FAE04EC0-301F-11D3-BF4B-00C04F79EFBC}") = "GuessNumberWindowApp", "GuessNumberWindowApp\GuessNumberWindowApp.csproj", "{BEFE486A-D251-467F-B56B-EC642C68985D}"
EndProject
Global
	GlobalSection(SolutionConfigurationPlatforms) = preSolution
		Debug|Any CPU = Debug|Any CPU
		Release|Any CPU = Release|Any CPU
	EndGlobalSection
	GlobalSection(ProjectConfigurationPlatforms) = postSolution
		{6A2B2B6B-D586-4DC5-8BC2-72E670F3C1DA}.Debug|Any CPU.ActiveCfg = Debug|Any CPU
		{6A2B2B6B-D586-4DC5-8BC2-72E670F3C1DA}.Debug|Any CPU.Build.0 = Debug|Any CPU
		{6A2B2B6B-D586-4DC5-8BC2-72E670F3C1DA}.Release|Any CPU.ActiveCfg = Release|Any CPU
		{6A2B2B6B-D586-4DC5-8BC2-72E670F3C1DA}.Release|Any CPU.Build.0 = Release|Any CPU
		{1EBF812D-DC41-44A6-8E29-FC716C579501}.Debug|Any CPU.ActiveCfg = Debug|Any CPU
		{1EBF812D-DC41-44A6-8E29-FC716C579501}.Debug|Any CPU.Build.0 = Debug|Any CPU
		{1EBF812D-DC41-44A6-8E29-FC716C579501}.Release|Any CPU.ActiveCfg = Release|Any CPU
		{1EBF812D-DC41-44A6-8E29-FC716C579501}.Release|Any CPU.Build.0 = Release|Any CPU
		{9F6B663D-973E-454E-AEF7-D3F87C1B312E}.Debug|Any CPU.ActiveCfg = Debug|Any CPU
		{9F6B663D-973E-454E-AEF7-D3F87C1B312E}.Debug|Any CPU.Build.0 = Debug|Any CPU
		{9F6B663D-973E-454E-AEF7-D3F87C1B312E}.Release|Any CPU.ActiveCfg = Release|Any CPU
		{9F6B663D-973E-454E-AEF7-D3F87C1B312E}.Release|Any CPU.Build.0 = Release|Any CPU
		{0F233EE8-6F19-485B-9C24-EAEC013D2861}.Debug|Any CPU.ActiveCfg = Debug|Any CPU
		{0F233EE8-6F19-485B-9C24-EAEC013D2861}.Debug|Any CPU.Build.0 = Debug|Any CPU
		{0F233EE8-6F19-485B-9C24-EAEC013D2861}.Release|Any CPU.ActiveCfg = Release|Any CPU
		{0F233EE8-6F19-485B-9C24-EAEC013D2861}.Release|Any CPU.Build.0 = Release|Any CPU
		{77EFFC10-9E0D-47A6-878D-4F94140B940A}.Debug|Any CPU.ActiveCfg = Debug|Any CPU
		{77EFFC10-9E0D-47A6-878D-4F94140B940A}.Debug|Any CPU.Build.0 = Debug|Any CPU
		{77EFFC10-9E0D-47A6-878D-4F94140B940A}.Release|Any CPU.ActiveCfg = Release|Any CPU
		{77EFFC10-9E0D-47A6-878D-4F94140B940A}.Release|Any CPU.Build.0 = Release|Any CPU
		{03D32839-24C1-4FC4-9F61-356F3C2E6F23}.Debug|Any CPU.ActiveCfg = Debug|Any CPU
		{03D32839-24C1-4FC4-9F61-356F3C2E6F23}.Debug|Any CPU.Build.0 = Debug|Any CPU
		{03D32839-24C1-4FC4-9F61-356F3C2E6F23}.Release|Any CPU.ActiveCfg = Release|Any CPU
		{03D32839-24C1-4FC4-9F61-356F3C2E6F23}.Release|Any CPU.Build.0 = Release|Any CPU
		{D1984EA0-8529-49F0-8E3A-8FF973A8A865}.Debug|Any CPU.ActiveCfg = Debug|Any CPU
		{D1984EA0-8529-49F0-8E3A-8FF973A8A865}.Debug|Any CPU.Build.0 = Debug|Any CPU
		{D1984EA0-8529-49F0-8E3A-8FF973A8A865}.Release|Any CPU.ActiveCfg = Release|Any CPU
		{D1984EA0-8529-49F0-8E3A-8FF973A8A865}.Release|Any CPU.Build.0 = Release|Any CPU
		{9960FBE3-5E0B-43F5-A67D-B973682BFEA5}.Debug|Any CPU.ActiveCfg = Debug|Any CPU
		{9960FBE3-5E0B-43F5-A67D-B973682BFEA5}.Debug|Any CPU.Build.0 = Debug|Any CPU
		{9960FBE3-5E0B-43F5-A67D-B973682BFEA5}.Release|Any CPU.ActiveCfg = Release|Any CPU
		{9960FBE3-5E0B-43F5-A67D-B973682BFEA5}.Release|Any CPU.Build.0 = Release|Any CPU
		{F87D1115-29CD-4D6B-8CA3-8DB795B7E69A}.Debug|Any CPU.ActiveCfg = Debug|Any CPU
		{F87D1115-29CD-4D6B-8CA3-8DB795B7E69A}.Debug|Any CPU.Build.0 = Debug|Any CPU
		{F87D1115-29CD-4D6B-8CA3-8DB795B7E69A}.Release|Any CPU.ActiveCfg = Release|Any CPU
		{F87D1115-29CD-4D6B-8CA3-8DB795B7E69A}.Release|Any CPU.Build.0 = Release|Any CPU
		{F6D340F9-A126-4548-94CF-E421749A21FA}.Debug|Any CPU.ActiveCfg = Debug|Any CPU
		{F6D340F9-A126-4548-94CF-E421749A21FA}.Debug|Any CPU.Build.0 = Debug|Any CPU
		{F6D340F9-A126-4548-94CF-E421749A21FA}.Release|Any CPU.ActiveCfg = Release|Any CPU
		{F6D340F9-A126-4548-94CF-E421749A21FA}.Release|Any CPU.Build.0 = Release|Any CPU
		{AE21FB80-4A57-471A-B342-F4B81BFE98AA}.Debug|Any CPU.ActiveCfg = Debug|Any CPU
		{AE21FB80-4A57-471A-B342-F4B81BFE98AA}.Debug|Any CPU.Build.0 = Debug|Any CPU
		{AE21FB80-4A57-471A-B342-F4B81BFE98AA}.Release|Any CPU.ActiveCfg = Release|Any CPU
		{AE21FB80-4A57-471A-B342-F4B81BFE98AA}.Release|Any CPU.Build.0 = Release|Any CPU
		{8535A5D7-5E71-414E-BB62-E950C45C14BE}.Debug|Any CPU.ActiveCfg = Debug|Any CPU
		{8535A5D7-5E71-414E-BB62-E950C45C14BE}.Debug|Any CPU.Build.0 = Debug|Any CPU
		{8535A5D7-5E71-414E-BB62-E950C45C14BE}.Release|Any CPU.ActiveCfg = Release|Any CPU
		{8535A5D7-5E71-414E-BB62-E950C45C14BE}.Release|Any CPU.Build.0 = Release|Any CPU
		{BEFE486A-D251-467F-B56B-EC642C68985D}.Debug|Any CPU.ActiveCfg = Debug|Any CPU
		{BEFE486A-D251-467F-B56B-EC642C68985D}.Debug|Any CPU.Build.0 = Debug|Any CPU
		{BEFE486A-D251-467F-B56B-EC642C68985D}.Release|Any CPU.ActiveCfg = Release|Any CPU
		{BEFE486A-D251-467F-B56B-EC642C68985D}.Release|Any CPU.Build.0 = Release|Any CPU
	EndGlobalSection
	GlobalSection(SolutionProperties) = preSolution
		HideSolutionNode = FALSE
	EndGlobalSection
	GlobalSection(NestedProjects) = preSolution
		{9F6B663D-973E-454E-AEF7-D3F87C1B312E} = {B544A038-DD23-4B96-A69A-429B16DE19C0}
		{0F233EE8-6F19-485B-9C24-EAEC013D2861} = {B544A038-DD23-4B96-A69A-429B16DE19C0}
		{77EFFC10-9E0D-47A6-878D-4F94140B940A} = {B544A038-DD23-4B96-A69A-429B16DE19C0}
		{03D32839-24C1-4FC4-9F61-356F3C2E6F23} = {B544A038-DD23-4B96-A69A-429B16DE19C0}
		{D1984EA0-8529-49F0-8E3A-8FF973A8A865} = {B544A038-DD23-4B96-A69A-429B16DE19C0}
		{9960FBE3-5E0B-43F5-A67D-B973682BFEA5} = {16E74C4F-DC4E-4FF6-BFF8-9BBAC5952D0D}
		{F87D1115-29CD-4D6B-8CA3-8DB795B7E69A} = {16E74C4F-DC4E-4FF6-BFF8-9BBAC5952D0D}
		{F6D340F9-A126-4548-94CF-E421749A21FA} = {16E74C4F-DC4E-4FF6-BFF8-9BBAC5952D0D}
		{AE21FB80-4A57-471A-B342-F4B81BFE98AA} = {814AD059-71BE-420A-A37C-23FF9C19BB8B}
		{8535A5D7-5E71-414E-BB62-E950C45C14BE} = {814AD059-71BE-420A-A37C-23FF9C19BB8B}
		{BEFE486A-D251-467F-B56B-EC642C68985D} = {814AD059-71BE-420A-A37C-23FF9C19BB8B}
	EndGlobalSection
EndGlobal
